
Microsoft Visual Studio Solution File, Format Version 12.00
# Visual Studio Version 16
VisualStudioVersion = 16.0.31205.134
MinimumVisualStudioVersion = 10.0.40219.1
Project("{FAE04EC0-301F-11D3-BF4B-00C04F79EFBC}") = "LoginUserControl", "LoginUserControl\LoginUserControl.csproj", "{E3160C85-ECBA-4E70-B891-F11687722215}"
EndProject
Project("{FAE04EC0-301F-11D3-BF4B-00C04F79EFBC}") = "LoginUserControl.Core", "LoginUserControl.Core\LoginUserControl.Core.csproj", "{C20EC032-AB8B-4E7D-973A-6F30D50465CD}"
EndProject
Project("{FAE04EC0-301F-11D3-BF4B-00C04F79EFBC}") = "LoginUserControl.Contract", "LoginUserControl.Contract\LoginUserControl.Contract.csproj", "{2237DED1-B94F-4DE5-8D3C-C551019E5104}"
EndProject
Project("{2150E333-8FDC-42A3-9474-1A3956D46DE8}") = "Library", "Library", "{5FB2162F-9264-4AC5-AA6A-313E6A2429A9}"
EndProject
Project("{2150E333-8FDC-42A3-9474-1A3956D46DE8}") = "Core", "Core", "{1FFDED18-94F0-4F85-A9A9-19F068AEEA18}"
EndProject
Project("{2150E333-8FDC-42A3-9474-1A3956D46DE8}") = "Infrastructure", "Infrastructure", "{D574656C-F15B-4DA7-B333-2F68CF24D47F}"
EndProject
Project("{FAE04EC0-301F-11D3-BF4B-00C04F79EFBC}") = "LoginUserControl.CrossCutting", "LoginUserControl.CrossCutting\LoginUserControl.CrossCutting.csproj", "{D20374CA-36D2-473F-9DEA-5585E9886BE4}"
EndProject
Project("{FAE04EC0-301F-11D3-BF4B-00C04F79EFBC}") = "LoginUserControl.Infra", "LoginUserControl.Infra\LoginUserControl.Infra.csproj", "{46F4A7B2-DF22-4B93-A03E-4A0113B26C27}"
EndProject
Project("{FAE04EC0-301F-11D3-BF4B-00C04F79EFBC}") = "LoginUserControl.Services", "LoginUserControl.Services\LoginUserControl.Services.csproj", "{233334A4-2A38-4774-AB73-BBC8388778FC}"
EndProject
Project("{2150E333-8FDC-42A3-9474-1A3956D46DE8}") = "Database", "Database", "{C7706072-D8E1-4F49-A685-5995455058EE}"
EndProject
Project("{FAE04EC0-301F-11D3-BF4B-00C04F79EFBC}") = "LoginUserControl.Database", "LoginUserControl.Database\LoginUserControl.Database.csproj", "{06F95319-361A-4A05-9A61-B64E29089D08}"
EndProject
Project("{2150E333-8FDC-42A3-9474-1A3956D46DE8}") = "Simulador", "Simulador", "{F7A14C7F-1675-4AAC-9A10-1E2D186284B3}"
EndProject
Project("{FAE04EC0-301F-11D3-BF4B-00C04F79EFBC}") = "LoginUserControl.Simulador", "LoginUserControl.Simulador\LoginUserControl.Simulador.csproj", "{5E0B8C2F-13BE-4051-B7B2-484A0FA5D31E}"
EndProject
Project("{2150E333-8FDC-42A3-9474-1A3956D46DE8}") = "Testes", "Testes", "{ADAAD5E8-E808-4CB1-8CB5-21133D5C72AB}"
EndProject
Project("{FAE04EC0-301F-11D3-BF4B-00C04F79EFBC}") = "LoginUserControl.Testes", "LoginUserControl.Testes\LoginUserControl.Testes.csproj", "{8C750C84-6335-4CA9-9D70-088EDA71FBAC}"
EndProject
Global
	GlobalSection(SolutionConfigurationPlatforms) = preSolution
		Debug|Any CPU = Debug|Any CPU
		Release|Any CPU = Release|Any CPU
	EndGlobalSection
	GlobalSection(ProjectConfigurationPlatforms) = postSolution
		{E3160C85-ECBA-4E70-B891-F11687722215}.Debug|Any CPU.ActiveCfg = Debug|Any CPU
		{E3160C85-ECBA-4E70-B891-F11687722215}.Debug|Any CPU.Build.0 = Debug|Any CPU
		{E3160C85-ECBA-4E70-B891-F11687722215}.Release|Any CPU.ActiveCfg = Release|Any CPU
		{E3160C85-ECBA-4E70-B891-F11687722215}.Release|Any CPU.Build.0 = Release|Any CPU
		{C20EC032-AB8B-4E7D-973A-6F30D50465CD}.Debug|Any CPU.ActiveCfg = Debug|Any CPU
		{C20EC032-AB8B-4E7D-973A-6F30D50465CD}.Debug|Any CPU.Build.0 = Debug|Any CPU
		{C20EC032-AB8B-4E7D-973A-6F30D50465CD}.Release|Any CPU.ActiveCfg = Release|Any CPU
		{C20EC032-AB8B-4E7D-973A-6F30D50465CD}.Release|Any CPU.Build.0 = Release|Any CPU
		{2237DED1-B94F-4DE5-8D3C-C551019E5104}.Debug|Any CPU.ActiveCfg = Debug|Any CPU
		{2237DED1-B94F-4DE5-8D3C-C551019E5104}.Debug|Any CPU.Build.0 = Debug|Any CPU
		{2237DED1-B94F-4DE5-8D3C-C551019E5104}.Release|Any CPU.ActiveCfg = Release|Any CPU
		{2237DED1-B94F-4DE5-8D3C-C551019E5104}.Release|Any CPU.Build.0 = Release|Any CPU
		{D20374CA-36D2-473F-9DEA-5585E9886BE4}.Debug|Any CPU.ActiveCfg = Debug|Any CPU
		{D20374CA-36D2-473F-9DEA-5585E9886BE4}.Debug|Any CPU.Build.0 = Debug|Any CPU
		{D20374CA-36D2-473F-9DEA-5585E9886BE4}.Release|Any CPU.ActiveCfg = Release|Any CPU
		{D20374CA-36D2-473F-9DEA-5585E9886BE4}.Release|Any CPU.Build.0 = Release|Any CPU
		{46F4A7B2-DF22-4B93-A03E-4A0113B26C27}.Debug|Any CPU.ActiveCfg = Debug|Any CPU
		{46F4A7B2-DF22-4B93-A03E-4A0113B26C27}.Debug|Any CPU.Build.0 = Debug|Any CPU
		{46F4A7B2-DF22-4B93-A03E-4A0113B26C27}.Release|Any CPU.ActiveCfg = Release|Any CPU
		{46F4A7B2-DF22-4B93-A03E-4A0113B26C27}.Release|Any CPU.Build.0 = Release|Any CPU
		{233334A4-2A38-4774-AB73-BBC8388778FC}.Debug|Any CPU.ActiveCfg = Debug|Any CPU
		{233334A4-2A38-4774-AB73-BBC8388778FC}.Debug|Any CPU.Build.0 = Debug|Any CPU
		{233334A4-2A38-4774-AB73-BBC8388778FC}.Release|Any CPU.ActiveCfg = Release|Any CPU
		{233334A4-2A38-4774-AB73-BBC8388778FC}.Release|Any CPU.Build.0 = Release|Any CPU
		{06F95319-361A-4A05-9A61-B64E29089D08}.Debug|Any CPU.ActiveCfg = Debug|Any CPU
		{06F95319-361A-4A05-9A61-B64E29089D08}.Debug|Any CPU.Build.0 = Debug|Any CPU
		{06F95319-361A-4A05-9A61-B64E29089D08}.Release|Any CPU.ActiveCfg = Release|Any CPU
		{06F95319-361A-4A05-9A61-B64E29089D08}.Release|Any CPU.Build.0 = Release|Any CPU
		{5E0B8C2F-13BE-4051-B7B2-484A0FA5D31E}.Debug|Any CPU.ActiveCfg = Debug|Any CPU
		{5E0B8C2F-13BE-4051-B7B2-484A0FA5D31E}.Debug|Any CPU.Build.0 = Debug|Any CPU
		{5E0B8C2F-13BE-4051-B7B2-484A0FA5D31E}.Release|Any CPU.ActiveCfg = Release|Any CPU
		{5E0B8C2F-13BE-4051-B7B2-484A0FA5D31E}.Release|Any CPU.Build.0 = Release|Any CPU
		{8C750C84-6335-4CA9-9D70-088EDA71FBAC}.Debug|Any CPU.ActiveCfg = Debug|Any CPU
		{8C750C84-6335-4CA9-9D70-088EDA71FBAC}.Debug|Any CPU.Build.0 = Debug|Any CPU
		{8C750C84-6335-4CA9-9D70-088EDA71FBAC}.Release|Any CPU.ActiveCfg = Release|Any CPU
		{8C750C84-6335-4CA9-9D70-088EDA71FBAC}.Release|Any CPU.Build.0 = Release|Any CPU
	EndGlobalSection
	GlobalSection(SolutionProperties) = preSolution
		HideSolutionNode = FALSE
	EndGlobalSection
	GlobalSection(NestedProjects) = preSolution
		{C20EC032-AB8B-4E7D-973A-6F30D50465CD} = {1FFDED18-94F0-4F85-A9A9-19F068AEEA18}
		{2237DED1-B94F-4DE5-8D3C-C551019E5104} = {1FFDED18-94F0-4F85-A9A9-19F068AEEA18}
		{1FFDED18-94F0-4F85-A9A9-19F068AEEA18} = {5FB2162F-9264-4AC5-AA6A-313E6A2429A9}
		{D574656C-F15B-4DA7-B333-2F68CF24D47F} = {5FB2162F-9264-4AC5-AA6A-313E6A2429A9}
		{D20374CA-36D2-473F-9DEA-5585E9886BE4} = {D574656C-F15B-4DA7-B333-2F68CF24D47F}
		{46F4A7B2-DF22-4B93-A03E-4A0113B26C27} = {D574656C-F15B-4DA7-B333-2F68CF24D47F}
		{233334A4-2A38-4774-AB73-BBC8388778FC} = {1FFDED18-94F0-4F85-A9A9-19F068AEEA18}
		{06F95319-361A-4A05-9A61-B64E29089D08} = {C7706072-D8E1-4F49-A685-5995455058EE}
		{5E0B8C2F-13BE-4051-B7B2-484A0FA5D31E} = {F7A14C7F-1675-4AAC-9A10-1E2D186284B3}
		{8C750C84-6335-4CA9-9D70-088EDA71FBAC} = {ADAAD5E8-E808-4CB1-8CB5-21133D5C72AB}
	EndGlobalSection
	GlobalSection(ExtensibilityGlobals) = postSolution
		SolutionGuid = {1E4B8A40-29B9-46BF-BC75-D9EDFF2CBDBA}
	EndGlobalSection
EndGlobal
